
Microsoft Visual Studio Solution File, Format Version 12.00
# Visual Studio Version 17
VisualStudioVersion = 17.6.33815.320
MinimumVisualStudioVersion = 10.0.40219.1
Project("{9A19103F-16F7-4668-BE54-9A1E7A4F7556}") = "InventorySystem", "SistemaInventario\InventorySystem.csproj", "{23E0EC81-E38E-4051-869C-BBB9D183C170}"
EndProject
Project("{FAE04EC0-301F-11D3-BF4B-00C04F79EFBC}") = "InventorySystem.DataAccess", "SistemaInventario.DataAccess\InventorySystem.DataAccess.csproj", "{B75EE93B-8332-441E-9E20-9883CC31E9A1}"
EndProject
Project("{FAE04EC0-301F-11D3-BF4B-00C04F79EFBC}") = "InventorySystem.Models", "SistemaInventario.Models\InventorySystem.Models.csproj", "{93CDDA22-BCDC-4043-9CF0-057313372592}"
EndProject
Project("{FAE04EC0-301F-11D3-BF4B-00C04F79EFBC}") = "InventorySystem.Utilities", "SistemaInventario.Utilities\InventorySystem.Utilities.csproj", "{A39C77B0-FC32-4E02-BE03-45990692588C}"
EndProject
Global
	GlobalSection(SolutionConfigurationPlatforms) = preSolution
		Debug|Any CPU = Debug|Any CPU
		Release|Any CPU = Release|Any CPU
	EndGlobalSection
	GlobalSection(ProjectConfigurationPlatforms) = postSolution
		{23E0EC81-E38E-4051-869C-BBB9D183C170}.Debug|Any CPU.ActiveCfg = Debug|Any CPU
		{23E0EC81-E38E-4051-869C-BBB9D183C170}.Debug|Any CPU.Build.0 = Debug|Any CPU
		{23E0EC81-E38E-4051-869C-BBB9D183C170}.Release|Any CPU.ActiveCfg = Release|Any CPU
		{23E0EC81-E38E-4051-869C-BBB9D183C170}.Release|Any CPU.Build.0 = Release|Any CPU
		{B75EE93B-8332-441E-9E20-9883CC31E9A1}.Debug|Any CPU.ActiveCfg = Debug|Any CPU
		{B75EE93B-8332-441E-9E20-9883CC31E9A1}.Debug|Any CPU.Build.0 = Debug|Any CPU
		{B75EE93B-8332-441E-9E20-9883CC31E9A1}.Release|Any CPU.ActiveCfg = Release|Any CPU
		{B75EE93B-8332-441E-9E20-9883CC31E9A1}.Release|Any CPU.Build.0 = Release|Any CPU
		{93CDDA22-BCDC-4043-9CF0-057313372592}.Debug|Any CPU.ActiveCfg = Debug|Any CPU
		{93CDDA22-BCDC-4043-9CF0-057313372592}.Debug|Any CPU.Build.0 = Debug|Any CPU
		{93CDDA22-BCDC-4043-9CF0-057313372592}.Release|Any CPU.ActiveCfg = Release|Any CPU
		{93CDDA22-BCDC-4043-9CF0-057313372592}.Release|Any CPU.Build.0 = Release|Any CPU
		{A39C77B0-FC32-4E02-BE03-45990692588C}.Debug|Any CPU.ActiveCfg = Debug|Any CPU
		{A39C77B0-FC32-4E02-BE03-45990692588C}.Debug|Any CPU.Build.0 = Debug|Any CPU
		{A39C77B0-FC32-4E02-BE03-45990692588C}.Release|Any CPU.ActiveCfg = Release|Any CPU
		{A39C77B0-FC32-4E02-BE03-45990692588C}.Release|Any CPU.Build.0 = Release|Any CPU
	EndGlobalSection
	GlobalSection(SolutionProperties) = preSolution
		HideSolutionNode = FALSE
	EndGlobalSection
	GlobalSection(ExtensibilityGlobals) = postSolution
		SolutionGuid = {BA5A002D-390E-45D3-989D-AC30F371ADE1}
	EndGlobalSection
EndGlobal
